
Microsoft Visual Studio Solution File, Format Version 12.00
# Visual Studio Version 17
VisualStudioVersion = 17.0.31903.59
MinimumVisualStudioVersion = 10.0.40219.1
Project("{2150E333-8FDC-42A3-9474-1A3956D46DE8}") = "TreeSymmetric", "TreeSymmetric", "{50FCC9BB-150D-3F19-9292-6ED003648283}"
EndProject
Project("{FAE04EC0-301F-11D3-BF4B-00C04F79EFBC}") = "TreeSymmetricLib", "TreeSymmetric\TreeSymmetricLib\TreeSymmetricLib.csproj", "{40E38F16-D723-49BA-A0FA-DEF9883B0DAC}"
EndProject
Project("{FAE04EC0-301F-11D3-BF4B-00C04F79EFBC}") = "TreeSymmetricTest", "TreeSymmetric\TreeSymmetricTest\TreeSymmetricTest.csproj", "{02374186-E42D-433F-8B62-F483C75A08FD}"
EndProject
Global
	GlobalSection(SolutionConfigurationPlatforms) = preSolution
		Debug|Any CPU = Debug|Any CPU
		Debug|x64 = Debug|x64
		Debug|x86 = Debug|x86
		Release|Any CPU = Release|Any CPU
		Release|x64 = Release|x64
		Release|x86 = Release|x86
	EndGlobalSection
	GlobalSection(ProjectConfigurationPlatforms) = postSolution
		{40E38F16-D723-49BA-A0FA-DEF9883B0DAC}.Debug|Any CPU.ActiveCfg = Debug|Any CPU
		{40E38F16-D723-49BA-A0FA-DEF9883B0DAC}.Debug|Any CPU.Build.0 = Debug|Any CPU
		{40E38F16-D723-49BA-A0FA-DEF9883B0DAC}.Debug|x64.ActiveCfg = Debug|Any CPU
		{40E38F16-D723-49BA-A0FA-DEF9883B0DAC}.Debug|x64.Build.0 = Debug|Any CPU
		{40E38F16-D723-49BA-A0FA-DEF9883B0DAC}.Debug|x86.ActiveCfg = Debug|Any CPU
		{40E38F16-D723-49BA-A0FA-DEF9883B0DAC}.Debug|x86.Build.0 = Debug|Any CPU
		{40E38F16-D723-49BA-A0FA-DEF9883B0DAC}.Release|Any CPU.ActiveCfg = Release|Any CPU
		{40E38F16-D723-49BA-A0FA-DEF9883B0DAC}.Release|Any CPU.Build.0 = Release|Any CPU
		{40E38F16-D723-49BA-A0FA-DEF9883B0DAC}.Release|x64.ActiveCfg = Release|Any CPU
		{40E38F16-D723-49BA-A0FA-DEF9883B0DAC}.Release|x64.Build.0 = Release|Any CPU
		{40E38F16-D723-49BA-A0FA-DEF9883B0DAC}.Release|x86.ActiveCfg = Release|Any CPU
		{40E38F16-D723-49BA-A0FA-DEF9883B0DAC}.Release|x86.Build.0 = Release|Any CPU
		{02374186-E42D-433F-8B62-F483C75A08FD}.Debug|Any CPU.ActiveCfg = Debug|Any CPU
		{02374186-E42D-433F-8B62-F483C75A08FD}.Debug|Any CPU.Build.0 = Debug|Any CPU
		{02374186-E42D-433F-8B62-F483C75A08FD}.Debug|x64.ActiveCfg = Debug|Any CPU
		{02374186-E42D-433F-8B62-F483C75A08FD}.Debug|x64.Build.0 = Debug|Any CPU
		{02374186-E42D-433F-8B62-F483C75A08FD}.Debug|x86.ActiveCfg = Debug|Any CPU
		{02374186-E42D-433F-8B62-F483C75A08FD}.Debug|x86.Build.0 = Debug|Any CPU
		{02374186-E42D-433F-8B62-F483C75A08FD}.Release|Any CPU.ActiveCfg = Release|Any CPU
		{02374186-E42D-433F-8B62-F483C75A08FD}.Release|Any CPU.Build.0 = Release|Any CPU
		{02374186-E42D-433F-8B62-F483C75A08FD}.Release|x64.ActiveCfg = Release|Any CPU
		{02374186-E42D-433F-8B62-F483C75A08FD}.Release|x64.Build.0 = Release|Any CPU
		{02374186-E42D-433F-8B62-F483C75A08FD}.Release|x86.ActiveCfg = Release|Any CPU
		{02374186-E42D-433F-8B62-F483C75A08FD}.Release|x86.Build.0 = Release|Any CPU
	EndGlobalSection
	GlobalSection(SolutionProperties) = preSolution
		HideSolutionNode = FALSE
	EndGlobalSection
	GlobalSection(NestedProjects) = preSolution
		{40E38F16-D723-49BA-A0FA-DEF9883B0DAC} = {50FCC9BB-150D-3F19-9292-6ED003648283}
		{02374186-E42D-433F-8B62-F483C75A08FD} = {50FCC9BB-150D-3F19-9292-6ED003648283}
	EndGlobalSection
EndGlobal
